
Microsoft Visual Studio Solution File, Format Version 12.00
# Visual Studio Version 16
VisualStudioVersion = 16.0.30330.147
MinimumVisualStudioVersion = 10.0.40219.1
Project("{9A19103F-16F7-4668-BE54-9A1E7A4F7556}") = "DataAccess", "DataAccess\DataAccess.csproj", "{3F5FFC8D-7218-44A8-9EAE-069EAE27FA50}"
EndProject
Project("{9A19103F-16F7-4668-BE54-9A1E7A4F7556}") = "Entities", "Entities\Entities.csproj", "{04BFC38A-2C46-40DF-AD1D-C616DDE06809}"
EndProject
Project("{9A19103F-16F7-4668-BE54-9A1E7A4F7556}") = "Buisness", "Buisness\Buisness.csproj", "{8659F5F2-BF26-469C-B5AE-2D2A2510D379}"
EndProject
Project("{9A19103F-16F7-4668-BE54-9A1E7A4F7556}") = "Core", "Core\Core.csproj", "{CD472685-617F-4540-91E9-658FE96E6B60}"
EndProject
Project("{FAE04EC0-301F-11D3-BF4B-00C04F79EFBC}") = "ConsoleUI", "ConsoleUI\ConsoleUI.csproj", "{D0FC037F-61F5-404D-AA5C-AAB84964E5E4}"
EndProject
Global
	GlobalSection(SolutionConfigurationPlatforms) = preSolution
		Debug|Any CPU = Debug|Any CPU
		Release|Any CPU = Release|Any CPU
	EndGlobalSection
	GlobalSection(ProjectConfigurationPlatforms) = postSolution
		{3F5FFC8D-7218-44A8-9EAE-069EAE27FA50}.Debug|Any CPU.ActiveCfg = Debug|Any CPU
		{3F5FFC8D-7218-44A8-9EAE-069EAE27FA50}.Debug|Any CPU.Build.0 = Debug|Any CPU
		{3F5FFC8D-7218-44A8-9EAE-069EAE27FA50}.Release|Any CPU.ActiveCfg = Release|Any CPU
		{3F5FFC8D-7218-44A8-9EAE-069EAE27FA50}.Release|Any CPU.Build.0 = Release|Any CPU
		{04BFC38A-2C46-40DF-AD1D-C616DDE06809}.Debug|Any CPU.ActiveCfg = Debug|Any CPU
		{04BFC38A-2C46-40DF-AD1D-C616DDE06809}.Debug|Any CPU.Build.0 = Debug|Any CPU
		{04BFC38A-2C46-40DF-AD1D-C616DDE06809}.Release|Any CPU.ActiveCfg = Release|Any CPU
		{04BFC38A-2C46-40DF-AD1D-C616DDE06809}.Release|Any CPU.Build.0 = Release|Any CPU
		{8659F5F2-BF26-469C-B5AE-2D2A2510D379}.Debug|Any CPU.ActiveCfg = Debug|Any CPU
		{8659F5F2-BF26-469C-B5AE-2D2A2510D379}.Debug|Any CPU.Build.0 = Debug|Any CPU
		{8659F5F2-BF26-469C-B5AE-2D2A2510D379}.Release|Any CPU.ActiveCfg = Release|Any CPU
		{8659F5F2-BF26-469C-B5AE-2D2A2510D379}.Release|Any CPU.Build.0 = Release|Any CPU
		{CD472685-617F-4540-91E9-658FE96E6B60}.Debug|Any CPU.ActiveCfg = Debug|Any CPU
		{CD472685-617F-4540-91E9-658FE96E6B60}.Debug|Any CPU.Build.0 = Debug|Any CPU
		{CD472685-617F-4540-91E9-658FE96E6B60}.Release|Any CPU.ActiveCfg = Release|Any CPU
		{CD472685-617F-4540-91E9-658FE96E6B60}.Release|Any CPU.Build.0 = Release|Any CPU
		{D0FC037F-61F5-404D-AA5C-AAB84964E5E4}.Debug|Any CPU.ActiveCfg = Debug|Any CPU
		{D0FC037F-61F5-404D-AA5C-AAB84964E5E4}.Debug|Any CPU.Build.0 = Debug|Any CPU
		{D0FC037F-61F5-404D-AA5C-AAB84964E5E4}.Release|Any CPU.ActiveCfg = Release|Any CPU
		{D0FC037F-61F5-404D-AA5C-AAB84964E5E4}.Release|Any CPU.Build.0 = Release|Any CPU
	EndGlobalSection
	GlobalSection(SolutionProperties) = preSolution
		HideSolutionNode = FALSE
	EndGlobalSection
	GlobalSection(ExtensibilityGlobals) = postSolution
		SolutionGuid = {5D57D666-803A-4DAF-9CAB-AAD88280369F}
	EndGlobalSection
EndGlobal
